schema: '2.0'
stages:
  data_retrieval:
    cmd: poetry run retrieve_data
    outs:
    - path: data/raw/hotels.parquet
      md5: a0c85aed92bfccc4c845abc2decfd9ca
      size: 1188729
  retrieve_data:
    cmd: poetry run retrieve_data
    outs:
    - path: data/raw/hotels.parquet
      md5: a0c85aed92bfccc4c845abc2decfd9ca
      size: 1188729
  clean_data:
    cmd: poetry run clean_data
    deps:
    - path: data/country_code.csv
      md5: 3155de16fb5522dc80c4f176379a0e42
      size: 5312
    - path: data/raw/hotels.parquet
      md5: a0c85aed92bfccc4c845abc2decfd9ca
      size: 1188729
    outs:
    - path: data/cleaned/bookings.parquet
      md5: c0bd20c8143e587ddc421a8f0204a093
      size: 3203711
