schema: '2.0'
stages:
  data_retrieval:
    cmd: poetry run retrieve_data
    outs:
    - path: data/raw/hotels.parquet
      md5: a0c85aed92bfccc4c845abc2decfd9ca
      size: 1188729
  retrieve_data:
    cmd: poetry run retrieve_data
    deps:
    - path: pipelines/retrieve_data.py
      md5: e42ae209ff6b8235f25e2b39726d008a
      size: 492
    outs:
    - path: data/raw/hotels.parquet
      md5: a0c85aed92bfccc4c845abc2decfd9ca
      size: 1188729
  clean_data:
    cmd: poetry run clean_data
    deps:
    - path: data/country_code.csv
      md5: 3155de16fb5522dc80c4f176379a0e42
      size: 5312
    - path: data/raw/hotels.parquet
      md5: a0c85aed92bfccc4c845abc2decfd9ca
      size: 1188729
    - path: pipelines/clean_data.py
      md5: eb3c6b9011aeea4c162db7276be65fb2
      size: 6138
    outs:
    - path: data/cleaned/bookings.parquet
      md5: 321e7c471f6c997f4b05f937c06a1514
      size: 3348071
  action_data:
    cmd: poetry run action_data
    deps:
    - path: data/cleaned/bookings.parquet
      md5: 321e7c471f6c997f4b05f937c06a1514
      size: 3348071
    - path: pipelines/aggregate_data.py
      hash: md5
      md5: d68f1a265d3c9ea0b2a317533e7b591f
      size: 845
    outs:
    - path: data/aggregated/actions.parquet
      hash: md5
      md5: 1c1749bf73df8aacc968f1e01d87e435
      size: 1298078
